
Microsoft Visual Studio Solution File, Format Version 12.00
# Visual Studio Version 16
VisualStudioVersion = 16.0.31729.503
MinimumVisualStudioVersion = 10.0.40219.1
Project("{8BC9CEB8-8B4A-11D0-8D11-00A0C91BC942}") = "Signature", "Signature.vcxproj", "{14314E03-F889-4173-81CD-ADC7CABFF800}"
EndProject
Global
	GlobalSection(SolutionConfigurationPlatforms) = preSolution
		Debug|x64 = Debug|x64
		Debug|x86 = Debug|x86
		Release|x64 = Release|x64
		Release|x86 = Release|x86
	EndGlobalSection
	GlobalSection(ProjectConfigurationPlatforms) = postSolution
		{14314E03-F889-4173-81CD-ADC7CABFF800}.Debug|x64.ActiveCfg = Debug|x64
		{14314E03-F889-4173-81CD-ADC7CABFF800}.Debug|x64.Build.0 = Debug|x64
		{14314E03-F889-4173-81CD-ADC7CABFF800}.Debug|x86.ActiveCfg = Debug|Win32
		{14314E03-F889-4173-81CD-ADC7CABFF800}.Debug|x86.Build.0 = Debug|Win32
		{14314E03-F889-4173-81CD-ADC7CABFF800}.Release|x64.ActiveCfg = Release|x64
		{14314E03-F889-4173-81CD-ADC7CABFF800}.Release|x64.Build.0 = Release|x64
		{14314E03-F889-4173-81CD-ADC7CABFF800}.Release|x86.ActiveCfg = Release|Win32
		{14314E03-F889-4173-81CD-ADC7CABFF800}.Release|x86.Build.0 = Release|Win32
	EndGlobalSection
	GlobalSection(SolutionProperties) = preSolution
		HideSolutionNode = FALSE
	EndGlobalSection
	GlobalSection(ExtensibilityGlobals) = postSolution
		SolutionGuid = {317F7AEF-9BAB-42E8-8064-ABA46E95208B}
	EndGlobalSection
EndGlobal
